
Microsoft Visual Studio Solution File, Format Version 12.00
# Visual Studio Version 17
VisualStudioVersion = 17.9.34607.119
MinimumVisualStudioVersion = 10.0.40219.1
Project("{FAE04EC0-301F-11D3-BF4B-00C04F79EFBC}") = "Online_Supermarket_Project", "Online_Supermarket_Project\Online_Supermarket_Project.csproj", "{30A67F86-CEF4-4179-AC88-D2BE2A1F8A14}"
EndProject
Global
	GlobalSection(SolutionConfigurationPlatforms) = preSolution
		Debug|Any CPU = Debug|Any CPU
		Release|Any CPU = Release|Any CPU
	EndGlobalSection
	GlobalSection(ProjectConfigurationPlatforms) = postSolution
		{30A67F86-CEF4-4179-AC88-D2BE2A1F8A14}.Debug|Any CPU.ActiveCfg = Debug|Any CPU
		{30A67F86-CEF4-4179-AC88-D2BE2A1F8A14}.Debug|Any CPU.Build.0 = Debug|Any CPU
		{30A67F86-CEF4-4179-AC88-D2BE2A1F8A14}.Release|Any CPU.ActiveCfg = Release|Any CPU
		{30A67F86-CEF4-4179-AC88-D2BE2A1F8A14}.Release|Any CPU.Build.0 = Release|Any CPU
	EndGlobalSection
	GlobalSection(SolutionProperties) = preSolution
		HideSolutionNode = FALSE
	EndGlobalSection
	GlobalSection(ExtensibilityGlobals) = postSolution
		SolutionGuid = {AE0F21B4-8F24-4792-AD12-684655F44D98}
	EndGlobalSection
EndGlobal
